
Microsoft Visual Studio Solution File, Format Version 12.00
Project("{FAE04EC0-301F-11D3-BF4B-00C04F79EFBC}") = "Solaris.Web.Api", "Solaris.Web.Api\Solaris.Web.Api.csproj", "{02456B2B-E555-4161-A0FE-9DFFAD5D2DF1}"
EndProject
Global
	GlobalSection(SolutionConfigurationPlatforms) = preSolution
		Debug|Any CPU = Debug|Any CPU
		Release|Any CPU = Release|Any CPU
	EndGlobalSection
	GlobalSection(ProjectConfigurationPlatforms) = postSolution
		{02456B2B-E555-4161-A0FE-9DFFAD5D2DF1}.Debug|Any CPU.ActiveCfg = Debug|Any CPU
		{02456B2B-E555-4161-A0FE-9DFFAD5D2DF1}.Debug|Any CPU.Build.0 = Debug|Any CPU
		{02456B2B-E555-4161-A0FE-9DFFAD5D2DF1}.Release|Any CPU.ActiveCfg = Release|Any CPU
		{02456B2B-E555-4161-A0FE-9DFFAD5D2DF1}.Release|Any CPU.Build.0 = Release|Any CPU
	EndGlobalSection
EndGlobal
